
Microsoft Visual Studio Solution File, Format Version 12.00
# Visual Studio 15
VisualStudioVersion = 15.0.28010.2050
MinimumVisualStudioVersion = 10.0.40219.1
Project("{FAE04EC0-301F-11D3-BF4B-00C04F79EFBC}") = "CsharpYuzBir", "CsharpYuzBir\CsharpYuzBir.csproj", "{0244F0F9-534B-4C2C-B306-746C413CDFCD}"
EndProject
Global
	GlobalSection(SolutionConfigurationPlatforms) = preSolution
		Debug|Any CPU = Debug|Any CPU
		Release|Any CPU = Release|Any CPU
	EndGlobalSection
	GlobalSection(ProjectConfigurationPlatforms) = postSolution
		{0244F0F9-534B-4C2C-B306-746C413CDFCD}.Debug|Any CPU.ActiveCfg = Debug|Any CPU
		{0244F0F9-534B-4C2C-B306-746C413CDFCD}.Debug|Any CPU.Build.0 = Debug|Any CPU
		{0244F0F9-534B-4C2C-B306-746C413CDFCD}.Release|Any CPU.ActiveCfg = Release|Any CPU
		{0244F0F9-534B-4C2C-B306-746C413CDFCD}.Release|Any CPU.Build.0 = Release|Any CPU
	EndGlobalSection
	GlobalSection(SolutionProperties) = preSolution
		HideSolutionNode = FALSE
	EndGlobalSection
	GlobalSection(ExtensibilityGlobals) = postSolution
		SolutionGuid = {71D4FA6A-9A49-498D-A194-7672225DA56A}
	EndGlobalSection
EndGlobal
